# This file is automatically @generated by Poetry 1.8.3 and should not be changed by hand.

[[package]]
name = "coverage"
version = "5.5"
description = "Code coverage measurement for Python"
optional = false
python-versions = ">=2.7, !=3.0.*, !=3.1.*, !=3.2.*, !=3.3.*, !=3.4.*, <4"
files = [
    {file = "coverage-5.5-cp27-cp27m-macosx_10_9_x86_64.whl", hash = "sha256:b6d534e4b2ab35c9f93f46229363e17f63c53ad01330df9f2d6bd1187e5eaacf"},
    {file = "coverage-5.5-cp27-cp27m-manylinux1_i686.whl", hash = "sha256:b7895207b4c843c76a25ab8c1e866261bcfe27bfaa20c192de5190121770672b"},
    {file = "coverage-5.5-cp27-cp27m-manylinux1_x86_64.whl", hash = "sha256:c2723d347ab06e7ddad1a58b2a821218239249a9e4365eaff6649d31180c1669"},
    {file = "coverage-5.5-cp27-cp27m-manylinux2010_i686.whl", hash = "sha256:900fbf7759501bc7807fd6638c947d7a831fc9fdf742dc10f02956ff7220fa90"},
    {file = "coverage-5.5-cp27-cp27m-manylinux2010_x86_64.whl", hash = "sha256:004d1880bed2d97151facef49f08e255a20ceb6f9432df75f4eef018fdd5a78c"},
    {file = "coverage-5.5-cp27-cp27m-win32.whl", hash = "sha256:06191eb60f8d8a5bc046f3799f8a07a2d7aefb9504b0209aff0b47298333302a"},
    {file = "coverage-5.5-cp27-cp27m-win_amd64.whl", hash = "sha256:7501140f755b725495941b43347ba8a2777407fc7f250d4f5a7d2a1050ba8e82"},
    {file = "coverage-5.5-cp27-cp27mu-manylinux1_i686.whl", hash = "sha256:372da284cfd642d8e08ef606917846fa2ee350f64994bebfbd3afb0040436905"},
    {file = "coverage-5.5-cp27-cp27mu-manylinux1_x86_64.whl", hash = "sha256:8963a499849a1fc54b35b1c9f162f4108017b2e6db2c46c1bed93a72262ed083"},
    {file = "coverage-5.5-cp27-cp27mu-manylinux2010_i686.whl", hash = "sha256:869a64f53488f40fa5b5b9dcb9e9b2962a66a87dab37790f3fcfb5144b996ef5"},
    {file = "coverage-5.5-cp27-cp27mu-manylinux2010_x86_64.whl", hash = "sha256:4a7697d8cb0f27399b0e393c0b90f0f1e40c82023ea4d45d22bce7032a5d7b81"},
    {file = "coverage-5.5-cp310-cp310-macosx_10_14_x86_64.whl", hash = "sha256:d9e6f4f41c3969fb6cc5aa47bf58649f2f0103b882f312198f7e62af537b7cfa"},
    {file = "coverage-5.5-cp310-cp310-manylinux1_x86_64.whl", hash = "sha256:3ef25667b6e598f01e2f6990483f0d1d9637d2a3afd3c619acb0d8634c3416d2"},
    {file = "coverage-5.5-cp310-cp310-win_amd64.whl", hash = "sha256:146ecef2215d4d828e18cc835b081d82aac994d4ccfd5bef0a0a5010a812f564"},
    {file = "coverage-5.5-cp35-cp35m-macosx_10_9_x86_64.whl", hash = "sha256:3487286bc29a5aa4b93a072e9592f22254291ce96a9fbc5251f566b6b7343cdb"},
    {file = "coverage-5.5-cp35-cp35m-manylinux1_i686.whl", hash = "sha256:deee1077aae10d8fa88cb02c845cfba9b62c55e1183f52f6ae6a2df6a2187160"},
    {file = "coverage-5.5-cp35-cp35m-manylinux1_x86_64.whl", hash = "sha256:f11642dddbb0253cc8853254301b51390ba0081750a8ac03f20ea8103f0c56b6"},
    {file = "coverage-5.5-cp35-cp35m-manylinux2010_i686.whl", hash = "sha256:6c90e11318f0d3c436a42409f2749ee1a115cd8b067d7f14c148f1ce5574d701"},
    {file = "coverage-5.5-cp35-cp35m-manylinux2010_x86_64.whl", hash = "sha256:30c77c1dc9f253283e34c27935fded5015f7d1abe83bc7821680ac444eaf7793"},
    {file = "coverage-5.5-cp35-cp35m-win32.whl", hash = "sha256:9a1ef3b66e38ef8618ce5fdc7bea3d9f45f3624e2a66295eea5e57966c85909e"},
    {file = "coverage-5.5-cp35-cp35m-win_amd64.whl", hash = "sha256:972c85d205b51e30e59525694670de6a8a89691186012535f9d7dbaa230e42c3"},
    {file = "coverage-5.5-cp36-cp36m-macosx_10_9_x86_64.whl", hash = "sha256:af0e781009aaf59e25c5a678122391cb0f345ac0ec272c7961dc5455e1c40066"},
    {file = "coverage-5.5-cp36-cp36m-manylinux1_i686.whl", hash = "sha256:74d881fc777ebb11c63736622b60cb9e4aee5cace591ce274fb69e582a12a61a"},
    {file = "coverage-5.5-cp36-cp36m-manylinux1_x86_64.whl", hash = "sha256:92b017ce34b68a7d67bd6d117e6d443a9bf63a2ecf8567bb3d8c6c7bc5014465"},
    {file = "coverage-5.5-cp36-cp36m-manylinux2010_i686.whl", hash = "sha256:d636598c8305e1f90b439dbf4f66437de4a5e3c31fdf47ad29542478c8508bbb"},
    {file = "coverage-5.5-cp36-cp36m-manylinux2010_x86_64.whl", hash = "sha256:41179b8a845742d1eb60449bdb2992196e211341818565abded11cfa90efb821"},
    {file = "coverage-5.5-cp36-cp36m-win32.whl", hash = "sha256:040af6c32813fa3eae5305d53f18875bedd079960822ef8ec067a66dd8afcd45"},
    {file = "coverage-5.5-cp36-cp36m-win_amd64.whl", hash = "sha256:5fec2d43a2cc6965edc0bb9e83e1e4b557f76f843a77a2496cbe719583ce8184"},
    {file = "coverage-5.5-cp37-cp37m-macosx_10_9_x86_64.whl", hash = "sha256:18ba8bbede96a2c3dde7b868de9dcbd55670690af0988713f0603f037848418a"},
    {file = "coverage-5.5-cp37-cp37m-manylinux1_i686.whl", hash = "sha256:2910f4d36a6a9b4214bb7038d537f015346f413a975d57ca6b43bf23d6563b53"},
    {file = "coverage-5.5-cp37-cp37m-manylinux1_x86_64.whl", hash = "sha256:f0b278ce10936db1a37e6954e15a3730bea96a0997c26d7fee88e6c396c2086d"},
    {file = "coverage-5.5-cp37-cp37m-manylinux2010_i686.whl", hash = "sha256:796c9c3c79747146ebd278dbe1e5c5c05dd6b10cc3bcb8389dfdf844f3ead638"},
    {file = "coverage-5.5-cp37-cp37m-manylinux2010_x86_64.whl", hash = "sha256:53194af30d5bad77fcba80e23a1441c71abfb3e01192034f8246e0d8f99528f3"},
    {file = "coverage-5.5-cp37-cp37m-win32.whl", hash = "sha256:184a47bbe0aa6400ed2d41d8e9ed868b8205046518c52464fde713ea06e3a74a"},
    {file = "coverage-5.5-cp37-cp37m-win_amd64.whl", hash = "sha256:2949cad1c5208b8298d5686d5a85b66aae46d73eec2c3e08c817dd3513e5848a"},
    {file = "coverage-5.5-cp38-cp38-macosx_10_9_x86_64.whl", hash = "sha256:217658ec7187497e3f3ebd901afdca1af062b42cfe3e0dafea4cced3983739f6"},
    {file = "coverage-5.5-cp38-cp38-manylinux1_i686.whl", hash = "sha256:1aa846f56c3d49205c952d8318e76ccc2ae23303351d9270ab220004c580cfe2"},
    {file = "coverage-5.5-cp38-cp38-manylinux1_x86_64.whl", hash = "sha256:24d4a7de75446be83244eabbff746d66b9240ae020ced65d060815fac3423759"},
    {file = "coverage-5.5-cp38-cp38-manylinux2010_i686.whl", hash = "sha256:d1f8bf7b90ba55699b3a5e44930e93ff0189aa27186e96071fac7dd0d06a1873"},
    {file = "coverage-5.5-cp38-cp38-manylinux2010_x86_64.whl", hash = "sha256:970284a88b99673ccb2e4e334cfb38a10aab7cd44f7457564d11898a74b62d0a"},
    {file = "coverage-5.5-cp38-cp38-win32.whl", hash = "sha256:01d84219b5cdbfc8122223b39a954820929497a1cb1422824bb86b07b74594b6"},
    {file = "coverage-5.5-cp38-cp38-win_amd64.whl", hash = "sha256:2e0d881ad471768bf6e6c2bf905d183543f10098e3b3640fc029509530091502"},
    {file = "coverage-5.5-cp39-cp39-macosx_10_9_x86_64.whl", hash = "sha256:d1f9ce122f83b2305592c11d64f181b87153fc2c2bbd3bb4a3dde8303cfb1a6b"},
    {file = "coverage-5.5-cp39-cp39-manylinux1_i686.whl", hash = "sha256:13c4ee887eca0f4c5a247b75398d4114c37882658300e153113dafb1d76de529"},
    {file = "coverage-5.5-cp39-cp39-manylinux1_x86_64.whl", hash = "sha256:52596d3d0e8bdf3af43db3e9ba8dcdaac724ba7b5ca3f6358529d56f7a166f8b"},
    {file = "coverage-5.5-cp39-cp39-manylinux2010_i686.whl", hash = "sha256:2cafbbb3af0733db200c9b5f798d18953b1a304d3f86a938367de1567f4b5bff"},
    {file = "coverage-5.5-cp39-cp39-manylinux2010_x86_64.whl", hash = "sha256:44d654437b8ddd9eee7d1eaee28b7219bec228520ff809af170488fd2fed3e2b"},
    {file = "coverage-5.5-cp39-cp39-win32.whl", hash = "sha256:d314ed732c25d29775e84a960c3c60808b682c08d86602ec2c3008e1202e3bb6"},
    {file = "coverage-5.5-cp39-cp39-win_amd64.whl", hash = "sha256:13034c4409db851670bc9acd836243aeee299949bd5673e11844befcb0149f03"},
    {file = "coverage-5.5-pp36-none-any.whl", hash = "sha256:f030f8873312a16414c0d8e1a1ddff2d3235655a2174e3648b4fa66b3f2f1079"},
    {file = "coverage-5.5-pp37-none-any.whl", hash = "sha256:2a3859cb82dcbda1cfd3e6f71c27081d18aa251d20a17d87d26d4cd216fb0af4"},
    {file = "coverage-5.5.tar.gz", hash = "sha256:ebe78fe9a0e874362175b02371bdfbee64d8edc42a044253ddf4ee7d3c15212c"},
]

[package.dependencies]
toml = {version = "*", optional = true, markers = "extra == \"toml\""}

[package.extras]
toml = ["toml"]

[package.source]
type = "legacy"
url = "https://test.pypi.org/simple"
reference = "testpypi"

[[package]]
name = "coveralls"
version = "4.0.1"
description = "Show coverage stats online via coveralls.io"
optional = false
python-versions = "*"
files = []

[[package]]
name = "creosote"
version = "3.0.2"
description = "Identify unused dependencies and avoid a bloated virtual environment."
optional = false
python-versions = "*"
files = []

[[package]]
name = "cyclopts"
version = "2.9.4"
description = ""
optional = false
python-versions = "*"
files = []

[[package]]
name = "Cython"
version = "3.0.10"
description = "The Cython compiler for writing C extensions in the Python language."
optional = false
python-versions = "*"
files = []

[[package]]
name = "GitPython"
version = "3.1.43"
description = "GitPython is a Python library used to interact with Git repositories"
optional = false
python-versions = "*"
files = []

[[package]]
name = "isort"
version = "5.13.2"
description = "A Python utility / library to sort Python imports."
optional = false
python-versions = "*"
files = []

[[package]]
name = "line-profiler"
version = "4.1.4"
description = "Line-by-line profiler"
optional = false
python-versions = ">=3.6"
files = [
    {file = "line_profiler-4.1.4-cp310-cp310-macosx_10_9_universal2.whl", hash = "sha256:7810fa80c421a0897289562afd434b0a6cd69d5ec368e0a7adc03f93bcb9ba15"},
    {file = "line_profiler-4.1.4-cp310-cp310-macosx_10_9_x86_64.whl", hash = "sha256:7c08b97e7a27dba4d9f33641f5ee05379efe254adfc2d40875ad336d6c5cd0cd"},
    {file = "line_profiler-4.1.4-cp310-cp310-macosx_11_0_arm64.whl", hash = "sha256:9d99a73333d24e4d54de7c84c42d7a6c442cbc580fbd8e31281454b5fb6b04d7"},
    {file = "line_profiler-4.1.4-cp310-cp310-manylinux_2_17_i686.manylinux2014_i686.whl", hash = "sha256:24078aca7b849a2158442edd26fa69c66010dfebab33c7fc3886e8b4591afc36"},
    {file = "line_profiler-4.1.4-cp310-cp310-manylinux_2_17_x86_64.manylinux2014_x86_64.whl", hash = "sha256:261707ecb2e1b5c598f3e94937b5142ae3d7ebe327bcce1c94c7b8a7298281ba"},
    {file = "line_profiler-4.1.4-cp310-cp310-musllinux_1_1_i686.whl", hash = "sha256:141ee9888c6d38b58cef961466f368618d86e089d4e06eca3d4e83147780d46d"},
    {file = "line_profiler-4.1.4-cp310-cp310-musllinux_1_1_x86_64.whl", hash = "sha256:4eaebf74fd6e39d40430aca38fffca6a768aa283f00f17eb4a67589aefc336dd"},
    {file = "line_profiler-4.1.4-cp310-cp310-win_amd64.whl", hash = "sha256:1562600c5cfaf0313b911850fbd25bd45276671f6c4809829f63231e3bc5ae03"},
    {file = "line_profiler-4.1.4-cp311-cp311-macosx_10_9_universal2.whl", hash = "sha256:c9d247d7884912b80078390f6d8bcd66979133973b2f3015d2085e8fedd0ef4b"},
    {file = "line_profiler-4.1.4-cp311-cp311-macosx_10_9_x86_64.whl", hash = "sha256:ebbe9f775bf5606251de3311add399a82991f5777814b1c25e23f0843fbbd464"},
    {file = "line_profiler-4.1.4-cp311-cp311-macosx_11_0_arm64.whl", hash = "sha256:4cdfabc2665a17f4d12ccf2a0a866972c8e948deed5b34ce970ba17f357a0419"},
    {file = "line_profiler-4.1.4-cp311-cp311-manylinux_2_17_i686.manylinux2014_i686.whl", hash = "sha256:1b10a442fcd7970b9c26744a6702174918ac34154b7a981f863ed9606463a511"},
    {file = "line_profiler-4.1.4-cp311-cp311-manylinux_2_17_x86_64.manylinux2014_x86_64.whl", hash = "sha256:9f21e67c8f72371f076e0fec583f9521e09579e75b070160d7324959b5bc132a"},
    {file = "line_profiler-4.1.4-cp311-cp311-musllinux_1_1_i686.whl", hash = "sha256:cabecd852f1012593367c9f711ff5648411938a782b1090eea7f4efcbea85364"},
    {file = "line_profiler-4.1.4-cp311-cp311-musllinux_1_1_x86_64.whl", hash = "sha256:600c1e4f9568ef04ccdf19e0aa3fab118f1028935a60ce93600cfc87ca5d1561"},
    {file = "line_profiler-4.1.4-cp311-cp311-win_amd64.whl", hash = "sha256:b1fd394c78e077f12c9ab9055c0943291621e0eea02c196aa1aca83bd5c9839f"},
    {file = "line_profiler-4.1.4-cp312-cp312-macosx_10_9_universal2.whl", hash = "sha256:578eb8ce88dc8e4172785b76cfd898fab2dc23996ddd4d1fc455f306bfc1df72"},
    {file = "line_profiler-4.1.4-cp312-cp312-macosx_10_9_x86_64.whl", hash = "sha256:d410e4bf8853400a891d0e20b3bc20cbf7f4f5a55be5fed72bb056e01073f25c"},
    {file = "line_profiler-4.1.4-cp312-cp312-macosx_11_0_arm64.whl", hash = "sha256:17fab5018fdc2fc6d0bc4c30604e1bc2b5d2716356890d6f15de623d4c8104e0"},
    {file = "line_profiler-4.1.4-cp312-cp312-manylinux_2_17_i686.manylinux2014_i686.whl", hash = "sha256:7e84ad23cad0dcda27660e2758efd6123aca762c472ee314cc6c8a3704d4539b"},
    {file = "line_profiler-4.1.4-cp312-cp312-manylinux_2_17_x86_64.manylinux2014_x86_64.whl", hash = "sha256:7e44c8726e280123e88544036a897fbce2c7c1ae768d366c78f691b957763410"},
    {file = "line_profiler-4.1.4-cp312-cp312-musllinux_1_1_i686.whl", hash = "sha256:72b28b37b2209afd07c639fb0f3e38d7cc8c56e6edfce2c6296911173ce02caf"},
    {file = "line_profiler-4.1.4-cp312-cp312-musllinux_1_1_x86_64.whl", hash = "sha256:ffedbd1c3f2a409442eb4bbd0c601dcb80ce6d661402a5c5587f0248c0249cb0"},
    {file = "line_profiler-4.1.4-cp312-cp312-win_amd64.whl", hash = "sha256:9a5e26cba8f1bec3f9af7af9cf31589d8f56b0c20ec79558533f38e663f07fd8"},
    {file = "line_profiler-4.1.4-cp36-cp36m-macosx_10_9_x86_64.whl", hash = "sha256:2535a2438b47e2a9ebdd31b48da8b30af4c605285471f07f7da4e0d34ea99f2f"},
    {file = "line_profiler-4.1.4-cp36-cp36m-manylinux_2_17_i686.manylinux2014_i686.whl", hash = "sha256:c34c1931c5fc86d9ff966fac78c387fd5d35ea6c934e314aa7edc600857bc8f9"},
    {file = "line_profiler-4.1.4-cp36-cp36m-manylinux_2_17_x86_64.manylinux2014_x86_64.whl", hash = "sha256:120d00c9bbe3ed5e8da85a098eac27f827c0bc2f3e9e257f377de332da51eac6"},
    {file = "line_profiler-4.1.4-cp36-cp36m-musllinux_1_1_i686.whl", hash = "sha256:69100399a07824dc0db5387806669b4075d3a4094b276c0a186d264f44f82b21"},
    {file = "line_profiler-4.1.4-cp36-cp36m-musllinux_1_1_x86_64.whl", hash = "sha256:541d67ebc83b124171bd8d08c7c89f0436ce17ee5dd8bb48dc3b9a4f70509c28"},
    {file = "line_profiler-4.1.4-cp36-cp36m-win_amd64.whl", hash = "sha256:f5ea058211a8ce7542d858e801508ec3f141bdc508bd56b19b8d0f5f148d901e"},
    {file = "line_profiler-4.1.4-cp37-cp37m-macosx_10_9_x86_64.whl", hash = "sha256:28920704d82645a84cd1f03f5d764b27cc41f11fb681a115de6ca941a58aebee"},
    {file = "line_profiler-4.1.4-cp37-cp37m-manylinux_2_17_i686.manylinux2014_i686.whl", hash = "sha256:684d9e0e3526a389b1894bfa4f9321e0a4c512956296e52ebeaf024f1ebc6a64"},
    {file = "line_profiler-4.1.4-cp37-cp37m-manylinux_2_17_x86_64.manylinux2014_x86_64.whl", hash = "sha256:2f406859e6141d49a23da5c26fcba071e94607fa196d44a2c1eab67ae604d7dc"},
    {file = "line_profiler-4.1.4-cp37-cp37m-musllinux_1_1_i686.whl", hash = "sha256:6adf34fac9f86ee7838f51fd27b90a9f64f711e388f2bb1eb3e00d704b7d1dd3"},
    {file = "line_profiler-4.1.4-cp37-cp37m-musllinux_1_1_x86_64.whl", hash = "sha256:de4a0ec08ca4891b46ed9d06c735acc02a53fe2e5c12c490fe3fcbdf996ec1de"},
    {file = "line_profiler-4.1.4-cp37-cp37m-win_amd64.whl", hash = "sha256:55a7ca8f70bb6c2ef76ac004fe9d9aad6c81c3ce2697d2ab3886b53d1e40e42d"},
    {file = "line_profiler-4.1.4-cp38-cp38-macosx_10_9_universal2.whl", hash = "sha256:a5d40d1a8772278082677beda475c72c4e9701cdf0c15bb4ed39cce5b6ae68f3"},
    {file = "line_profiler-4.1.4-cp38-cp38-macosx_10_9_x86_64.whl", hash = "sha256:90306b2cc3e5e6167907aeb28cf8a78ea47410404db95d9a99d9aa088e1455ed"},
    {file = "line_profiler-4.1.4-cp38-cp38-macosx_11_0_arm64.whl", hash = "sha256:16d6f7554193b5cc366cb5f7dc292acb1b7d4dcdcbbd09d8dcf2a001ebd11b2b"},
    {file = "line_profiler-4.1.4-cp38-cp38-manylinux_2_17_i686.manylinux2014_i686.whl", hash = "sha256:630292da2a0eadf5fe44442cb33e8ce16ab0c118f93cac441237dfa666a7fb0f"},
    {file = "line_profiler-4.1.4-cp38-cp38-manylinux_2_17_x86_64.manylinux2014_x86_64.whl", hash = "sha256:a63d0e2b64f842764833b0817c3ab0aee445b4cb70949a9bb600d2abb3fdb110"},
    {file = "line_profiler-4.1.4-cp38-cp38-musllinux_1_1_i686.whl", hash = "sha256:9b42ffd208bd3007a57e2b5dd8e8bbc98e4d264f5ee963b14c8cd0b02cf74835"},
    {file = "line_profiler-4.1.4-cp38-cp38-musllinux_1_1_x86_64.whl", hash = "sha256:3317d10806a99ee599a4fce6d0d84245f9c29cce705174161665f5a7d1ec1f16"},
    {file = "line_profiler-4.1.4-cp38-cp38-win_amd64.whl", hash = "sha256:4fb8781d53e3ac294cb25c2d5ea164fca717f18467adbbd8348866180ca686fd"},
    {file = "line_profiler-4.1.4-cp39-cp39-macosx_10_9_universal2.whl", hash = "sha256:d62bf6cb4b2f813f5b691832e6f144b863bd0893390081b4bb2cdc5545fa3c5c"},
    {file = "line_profiler-4.1.4-cp39-cp39-macosx_10_9_x86_64.whl", hash = "sha256:da18f38ec46ba4da42c23b0092ae1401e2562ecc9d5c5c4a4982187692077528"},
    {file = "line_profiler-4.1.4-cp39-cp39-macosx_11_0_arm64.whl", hash = "sha256:b10d6ab56222efafa670c89ced7c9b310fb4611638bd0efe04bd11f86ae635b9"},
    {file = "line_profiler-4.1.4-cp39-cp39-manylinux_2_17_i686.manylinux2014_i686.whl", hash = "sha256:f37b302c95dafea90853a6a6ba6950861c6067dcc93b667437f49f231e14a285"},
    {file = "line_profiler-4.1.4-cp39-cp39-manylinux_2_17_x86_64.manylinux2014_x86_64.whl", hash = "sha256:869b4b057d2c842744f37fef9ba54ceba76461d6f691ccfc8c9b099bf8608602"},
    {file = "line_profiler-4.1.4-cp39-cp39-musllinux_1_1_i686.whl", hash = "sha256:4b29898565b7e1afbbf054f14fa28617135c2e06cf27e50e57d80e2bafde65aa"},
    {file = "line_profiler-4.1.4-cp39-cp39-musllinux_1_1_x86_64.whl", hash = "sha256:0e5a8286d8c89ca7427d628fd039d56b7bb63db674fc8ca0659106f8dad5a131"},
    {file = "line_profiler-4.1.4-cp39-cp39-win_amd64.whl", hash = "sha256:298502d3d4a049100f1b1ba7dc0f2a1bd741539355a91a32f4d2631f736e7ca2"},
    {file = "line_profiler-4.1.4.tar.gz", hash = "sha256:cdfe9a32a2c4cf4162078ca98eb5fe04a32b05597a6578a248c942a8894119b9"},
]

[package.extras]
all = ["Cython (>=3.0.3)", "IPython (>=7.14.0)", "IPython (>=7.18.0)", "IPython (>=8.12.2)", "IPython (>=8.14.0)", "cibuildwheel (>=2.11.2)", "cibuildwheel (>=2.11.2)", "cibuildwheel (>=2.11.2)", "cibuildwheel (>=2.11.2)", "cibuildwheel (>=2.11.2)", "cibuildwheel (>=2.8.1)", "cmake (>=3.21.2)", "coverage[toml] (>=6.1.1)", "coverage[toml] (>=6.5.0)", "coverage[toml] (>=6.5.0)", "coverage[toml] (>=6.5.0)", "coverage[toml] (>=6.5.0)", "coverage[toml] (>=7.3.0)", "ninja (>=1.10.2)", "pytest (>=6.2.5)", "pytest (>=7.4.4)", "pytest (>=7.4.4)", "pytest (>=7.4.4)", "pytest (>=7.4.4)", "pytest (>=7.4.4)", "pytest (>=7.4.4)", "pytest (>=7.4.4)", "pytest-cov (>=3.0.0)", "rich (>=12.3.0)", "scikit-build (>=0.11.1)", "setuptools (>=41.0.1)", "setuptools (>=68.2.2)", "ubelt (>=1.3.4)", "xdoctest (>=1.1.3)"]
all-strict = ["Cython (==3.0.3)", "IPython (==7.14.0)", "IPython (==7.18.0)", "IPython (==8.12.2)", "IPython (==8.14.0)", "cibuildwheel (==2.11.2)", "cibuildwheel (==2.11.2)", "cibuildwheel (==2.11.2)", "cibuildwheel (==2.11.2)", "cibuildwheel (==2.11.2)", "cibuildwheel (==2.8.1)", "cmake (==3.21.2)", "coverage[toml] (==6.1.1)", "coverage[toml] (==6.5.0)", "coverage[toml] (==6.5.0)", "coverage[toml] (==6.5.0)", "coverage[toml] (==6.5.0)", "coverage[toml] (==7.3.0)", "ninja (==1.10.2)", "pytest (==6.2.5)", "pytest (==7.4.4)", "pytest (==7.4.4)", "pytest (==7.4.4)", "pytest (==7.4.4)", "pytest (==7.4.4)", "pytest (==7.4.4)", "pytest (==7.4.4)", "pytest-cov (==3.0.0)", "rich (==12.3.0)", "scikit-build (==0.11.1)", "setuptools (==41.0.1)", "setuptools (==68.2.2)", "ubelt (==1.3.4)", "xdoctest (==1.1.3)"]
ipython = ["IPython (>=7.14.0)", "IPython (>=7.18.0)", "IPython (>=8.12.2)", "IPython (>=8.14.0)"]
ipython-strict = ["IPython (==7.14.0)", "IPython (==7.18.0)", "IPython (==8.12.2)", "IPython (==8.14.0)"]
optional = ["IPython (>=7.14.0)", "IPython (>=7.18.0)", "IPython (>=8.12.2)", "IPython (>=8.14.0)", "rich (>=12.3.0)"]
optional-strict = ["IPython (==7.14.0)", "IPython (==7.18.0)", "IPython (==8.12.2)", "IPython (==8.14.0)", "rich (==12.3.0)"]
tests = ["coverage[toml] (>=6.1.1)", "coverage[toml] (>=6.5.0)", "coverage[toml] (>=6.5.0)", "coverage[toml] (>=6.5.0)", "coverage[toml] (>=6.5.0)", "coverage[toml] (>=7.3.0)", "pytest (>=6.2.5)", "pytest (>=7.4.4)", "pytest (>=7.4.4)", "pytest (>=7.4.4)", "pytest (>=7.4.4)", "pytest (>=7.4.4)", "pytest (>=7.4.4)", "pytest (>=7.4.4)", "pytest-cov (>=3.0.0)", "ubelt (>=1.3.4)", "xdoctest (>=1.1.3)"]
tests-strict = ["coverage[toml] (==6.1.1)", "coverage[toml] (==6.5.0)", "coverage[toml] (==6.5.0)", "coverage[toml] (==6.5.0)", "coverage[toml] (==6.5.0)", "coverage[toml] (==7.3.0)", "pytest (==6.2.5)", "pytest (==7.4.4)", "pytest (==7.4.4)", "pytest (==7.4.4)", "pytest (==7.4.4)", "pytest (==7.4.4)", "pytest (==7.4.4)", "pytest (==7.4.4)", "pytest-cov (==3.0.0)", "ubelt (==1.3.4)", "xdoctest (==1.1.3)"]

[package.source]
type = "legacy"
url = "https://test.pypi.org/simple"
reference = "testpypi"

[[package]]
name = "mypy"
version = "1.10.1"
description = "Optional static typing for Python"
optional = false
python-versions = "*"
files = []

[[package]]
name = "nbconvert"
version = "7.16.4"
description = "Converting Jupyter Notebooks (.ipynb files) to other formats.  Output formats include asciidoc, html, latex, markdown, pdf, py, rst, script.  nbconvert can be used both as a Python library (`import nbconvert`) or as a command line tool (invoked as `jupyter nbconvert ...`)."
optional = false
python-versions = "*"
files = []

[[package]]
name = "pandas"
version = "2.2.2"
description = "Powerful data structures for data analysis, time series, and statistics"
optional = false
python-versions = "*"
files = []

[[package]]
name = "pre-commit"
version = "3.7.1"
description = "A framework for managing and maintaining multi-language pre-commit hooks."
optional = false
python-versions = "*"
files = []

[[package]]
name = "pytest"
version = "8.3.1"
description = "pytest: simple powerful testing with Python"
optional = false
python-versions = "*"
files = []

[[package]]
name = "pytest-asyncio"
version = "0.23.8"
description = "Pytest support for asyncio"
optional = false
python-versions = "*"
files = []

[[package]]
name = "pytest-cov"
version = "5.0.0"
description = "Pytest plugin for measuring coverage."
optional = false
python-versions = "*"
files = []

[[package]]
name = "pytest-mock"
version = "3.14.0"
description = "Thin-wrapper around the mock package for easier use with pytest"
optional = false
python-versions = "*"
files = []

[[package]]
name = "pytest-random-order"
version = "1.1.1"
description = "Randomise the order in which pytest tests are run with some control over the randomness"
optional = false
python-versions = "*"
files = []

[[package]]
name = "pytest-timeout"
version = "2.3.1"
description = "pytest plugin to abort hanging tests"
optional = false
python-versions = "*"
files = []

[[package]]
name = "pytest-xdist"
version = "3.6.1"
description = "pytest xdist plugin for distributed testing, most importantly across multiple CPUs"
optional = false
python-versions = "*"
files = []

[[package]]
name = "rich"
version = "13.7.1"
description = "Render rich text, tables, progress bars, syntax highlighting, markdown and more to the terminal"
optional = false
python-versions = "*"
files = []

[[package]]
name = "ruff"
version = "0.5.4"
description = "An extremely fast Python linter and code formatter, written in Rust."
optional = false
python-versions = "*"
files = []

[[package]]
name = "Sphinx"
version = "7.1.2"
description = "Python documentation generator"
optional = false
python-versions = "*"
files = []

[[package]]
name = "sphinx-copybutton"
version = "0.5.2"
description = "Add a copy button to each of your code cells."
optional = false
python-versions = "*"
files = []

[[package]]
name = "sphinx-rtd-theme"
version = "2.0.0"
description = "Read the Docs theme for Sphinx"
optional = false
python-versions = "*"
files = []

[[package]]
name = "time-machine"
version = "2.14.2"
description = "Travel through time in your tests."
optional = false
python-versions = "*"
files = []

[[package]]
name = "toml"
version = "0.10.0"
description = "Python Library for Tom's Obvious, Minimal Language"
optional = false
python-versions = "*"
files = [
    {file = "toml-0.10.0-py2.py3-none-any.whl", hash = "sha256:235682dd292d5899d361a811df37e04a8828a5b1da3115886b73cf81ebc9100e"},
    {file = "toml-0.10.0.tar.gz", hash = "sha256:229f81c57791a41d65e399fc06bf0848bab550a9dfd5ed66df18ce5f05e73d5c"},
]

[package.source]
type = "legacy"
url = "https://test.pypi.org/simple"
reference = "testpypi"

[[package]]
name = "twine"
version = "5.1.1"
description = "Collection of utilities for publishing packages on PyPI"
optional = false
python-versions = "*"
files = []

[[package]]
name = "types-cachetools"
version = "5.4.0.20240717"
description = "Typing stubs for cachetools"
optional = false
python-versions = "*"
files = []

[[package]]
name = "types-filelock"
version = "3.2.7"
description = "Typing stubs for filelock"
optional = false
python-versions = "*"
files = []

[[package]]
name = "types-python-dateutil"
version = "2.9.0.20240316"
description = "Typing stubs for python-dateutil"
optional = false
python-versions = "*"
files = []

[[package]]
name = "types-requests"
version = "2.32.0.20240712"
description = "Typing stubs for requests"
optional = false
python-versions = "*"
files = []

[[package]]
name = "types-tabulate"
version = "0.9.0.20240106"
description = "Typing stubs for tabulate"
optional = false
python-versions = "*"
files = []

[[package]]
name = "typing_extensions"
version = "4.12.2"
description = "Backported and Experimental Type Hints for Python 3.8+"
optional = false
python-versions = "*"
files = []

[metadata]
lock-version = "2.0"
python-versions = ">=3.9,<3.13"
content-hash = "950adb612fdc01a826eb8a6e05e96b10e19613beff26a5d65093ef20fc5205fc"
